
Microsoft Visual Studio Solution File, Format Version 12.00
# Visual Studio Version 17
VisualStudioVersion = 17.10.35122.118
MinimumVisualStudioVersion = 10.0.40219.1
Project("{FAE04EC0-301F-11D3-BF4B-00C04F79EFBC}") = "MyApiGateway", "MyApiGateway\MyApiGateway.csproj", "{97623AF0-B08D-4215-9C4B-F627D298FFE9}"
EndProject
Global
	GlobalSection(SolutionConfigurationPlatforms) = preSolution
		Debug|Any CPU = Debug|Any CPU
		Release|Any CPU = Release|Any CPU
	EndGlobalSection
	GlobalSection(ProjectConfigurationPlatforms) = postSolution
		{97623AF0-B08D-4215-9C4B-F627D298FFE9}.Debug|Any CPU.ActiveCfg = Debug|Any CPU
		{97623AF0-B08D-4215-9C4B-F627D298FFE9}.Debug|Any CPU.Build.0 = Debug|Any CPU
		{97623AF0-B08D-4215-9C4B-F627D298FFE9}.Release|Any CPU.ActiveCfg = Release|Any CPU
		{97623AF0-B08D-4215-9C4B-F627D298FFE9}.Release|Any CPU.Build.0 = Release|Any CPU
	EndGlobalSection
	GlobalSection(SolutionProperties) = preSolution
		HideSolutionNode = FALSE
	EndGlobalSection
	GlobalSection(ExtensibilityGlobals) = postSolution
		SolutionGuid = {6EB6117D-02DC-4CFA-BECF-EE9EF00CEEA1}
	EndGlobalSection
EndGlobal
